
Microsoft Visual Studio Solution File, Format Version 12.00
# Visual Studio Version 16
VisualStudioVersion = 16.0.28922.388
MinimumVisualStudioVersion = 10.0.40219.1
Project("{FAE04EC0-301F-11D3-BF4B-00C04F79EFBC}") = "WebAppDemo", "WebAppDemo\WebAppDemo.csproj", "{3C1F8ED6-5BB5-4D7F-8B66-41EF3942921D}"
EndProject
Project("{FAE04EC0-301F-11D3-BF4B-00C04F79EFBC}") = "Learn.Services", "Learn.Services\Learn.Services.csproj", "{BED388AE-11DC-4692-85A6-D3072696C484}"
EndProject
Project("{FAE04EC0-301F-11D3-BF4B-00C04F79EFBC}") = "Learn.Services.Abstractions", "Learn.Services.Abstractions\Learn.Services.Abstractions.csproj", "{E6CB2BD0-0AA6-4DA8-AE2B-CED3A9733EF0}"
EndProject
Project("{FAE04EC0-301F-11D3-BF4B-00C04F79EFBC}") = "Learn.Common", "Learn.Common\Learn.Common.csproj", "{D631A648-BE3D-446B-8DFF-F5E4A721E5F0}"
EndProject
Global
	GlobalSection(SolutionConfigurationPlatforms) = preSolution
		Debug|Any CPU = Debug|Any CPU
		Release|Any CPU = Release|Any CPU
	EndGlobalSection
	GlobalSection(ProjectConfigurationPlatforms) = postSolution
		{3C1F8ED6-5BB5-4D7F-8B66-41EF3942921D}.Debug|Any CPU.ActiveCfg = Debug|Any CPU
		{3C1F8ED6-5BB5-4D7F-8B66-41EF3942921D}.Debug|Any CPU.Build.0 = Debug|Any CPU
		{3C1F8ED6-5BB5-4D7F-8B66-41EF3942921D}.Release|Any CPU.ActiveCfg = Release|Any CPU
		{3C1F8ED6-5BB5-4D7F-8B66-41EF3942921D}.Release|Any CPU.Build.0 = Release|Any CPU
		{BED388AE-11DC-4692-85A6-D3072696C484}.Debug|Any CPU.ActiveCfg = Debug|Any CPU
		{BED388AE-11DC-4692-85A6-D3072696C484}.Debug|Any CPU.Build.0 = Debug|Any CPU
		{BED388AE-11DC-4692-85A6-D3072696C484}.Release|Any CPU.ActiveCfg = Release|Any CPU
		{BED388AE-11DC-4692-85A6-D3072696C484}.Release|Any CPU.Build.0 = Release|Any CPU
		{E6CB2BD0-0AA6-4DA8-AE2B-CED3A9733EF0}.Debug|Any CPU.ActiveCfg = Debug|Any CPU
		{E6CB2BD0-0AA6-4DA8-AE2B-CED3A9733EF0}.Debug|Any CPU.Build.0 = Debug|Any CPU
		{E6CB2BD0-0AA6-4DA8-AE2B-CED3A9733EF0}.Release|Any CPU.ActiveCfg = Release|Any CPU
		{E6CB2BD0-0AA6-4DA8-AE2B-CED3A9733EF0}.Release|Any CPU.Build.0 = Release|Any CPU
		{D631A648-BE3D-446B-8DFF-F5E4A721E5F0}.Debug|Any CPU.ActiveCfg = Debug|Any CPU
		{D631A648-BE3D-446B-8DFF-F5E4A721E5F0}.Debug|Any CPU.Build.0 = Debug|Any CPU
		{D631A648-BE3D-446B-8DFF-F5E4A721E5F0}.Release|Any CPU.ActiveCfg = Release|Any CPU
		{D631A648-BE3D-446B-8DFF-F5E4A721E5F0}.Release|Any CPU.Build.0 = Release|Any CPU
	EndGlobalSection
	GlobalSection(SolutionProperties) = preSolution
		HideSolutionNode = FALSE
	EndGlobalSection
	GlobalSection(ExtensibilityGlobals) = postSolution
		SolutionGuid = {3FB2FEA0-F070-4CEC-9A9F-B2210AE99AA9}
	EndGlobalSection
EndGlobal
